{
	"name": "@binyamin/lincoln",
	"version": "1.1.0",
	"lockfileVersion": 3,
	"requires": true,
	"packages": {
		"": {
			"name": "@binyamin/lincoln",
			"version": "1.1.0",
			"license": "MIT",
			"dependencies": {
				"@nodable/flexible-xml-parser": "^1.11.3",
				"@types/node": "^22.20.1",
				"ora": "^9.4.1"
			},
			"bin": {
				"lincoln": "cli.js"
			},
			"devDependencies": {
				"serve-handler": "^6.1.7"
			},
			"engines": {
				"node": ">=22"
			}
		},
		"node_modules/@nodable/base-output-builder": {
			"version": "2.0.0",
			"resolved": "https://registry.npmjs.org/@nodable/base-output-builder/-/base-output-builder-2.0.0.tgz",
			"integrity": "sha512-DECrOg3zZuhOx2Iesj1mkINjFvasP3HV3pjGBs3A104V4zJIZJOeqOzF5qNWRl17oGheNsfnqINwUBVu6n7wrQ==",
			"funding": [
				{
					"type": "github",
					"url": "https://github.com/sponsors/nodable"
				}
			],
			"license": "MIT",
			"dependencies": {
				"@nodable/entities": "^2.2.0",
				"is-unsafe": "^1.0.1",
				"path-expression-matcher": "^1.6.1",
				"strnum": "^2.4.1"
			}
		},
		"node_modules/@nodable/base-output-builder/node_modules/@nodable/entities": {
			"version": "2.2.0",
			"resolved": "https://registry.npmjs.org/@nodable/entities/-/entities-2.2.0.tgz",
			"integrity": "sha512-9uGyhaQavEUMC8AIddIjau4NsnsXhou+j5sBAGojCM1oxmQpVKTWR/9JxABD6UAv12vpIms55fPZKFQEhG6uBg==",
			"funding": [
				{
					"type": "github",
					"url": "https://github.com/sponsors/nodable"
				}
			],
			"license": "MIT"
		},
		"node_modules/@nodable/base-output-builder/node_modules/is-unsafe": {
			"version": "1.0.1",
			"resolved": "https://registry.npmjs.org/is-unsafe/-/is-unsafe-1.0.1.tgz",
			"integrity": "sha512-CLK2+VdgERgD96EYm5lUQssZYlRg2tkZnbsxZoacmSiRxiFJ4Nk4SzjCl+Ur+v3kXIY9dTIdb3IH22y1mZ56LA==",
			"funding": [
				{
					"type": "github",
					"url": "https://github.com/sponsors/NaturalIntelligence"
				}
			],
			"license": "MIT"
		},
		"node_modules/@nodable/compact-builder": {
			"version": "2.0.0",
			"resolved": "https://registry.npmjs.org/@nodable/compact-builder/-/compact-builder-2.0.0.tgz",
			"integrity": "sha512-TLyrdyV+KIh9n7waO45m9LsbxpoNXkHfXmQ4tWgXJynsJwCCZm2qT5NFvcjzWq3AN+tsA7XpmQOwAC5vbqzjkg==",
			"funding": [
				{
					"type": "github",
					"url": "https://github.com/sponsors/nodable"
				}
			],
			"license": "MIT",
			"dependencies": {
				"@nodable/base-output-builder": "^2.0.0",
				"path-expression-matcher": "^1.6.1"
			}
		},
		"node_modules/@nodable/flexible-xml-parser": {
			"version": "1.11.3",
			"resolved": "https://registry.npmjs.org/@nodable/flexible-xml-parser/-/flexible-xml-parser-1.11.3.tgz",
			"integrity": "sha512-fNX6VI3qlgTogvjnE80OWoGrFJ05oeq3lTr13mCtl64zbOEW+cqAKnxTxE+n6S4dGXcBzDVuCK9K7UvcWZPniA==",
			"funding": [
				{
					"type": "github",
					"url": "https://github.com/sponsors/nodable"
				}
			],
			"license": "MIT",
			"dependencies": {
				"@nodable/base-output-builder": "^2.0.0",
				"@nodable/compact-builder": "^2.0.0",
				"path-expression-matcher": "^1.6.2",
				"xml-naming": "^0.3.0"
			}
		},
		"node_modules/@types/node": {
			"version": "22.20.1",
			"resolved": "https://registry.npmjs.org/@types/node/-/node-22.20.1.tgz",
			"integrity": "sha512-EANqOCF9QFyra+4pfxUcX9STKJpCLjMbObVzljIJomAWSnuSIEAvyzEU53GaajbXJEgdh0iEcPL+DGvpUd4k1Q==",
			"license": "MIT",
			"dependencies": {
				"undici-types": "~6.21.0"
			}
		},
		"node_modules/ansi-regex": {
			"version": "6.3.0",
			"resolved": "https://registry.npmjs.org/ansi-regex/-/ansi-regex-6.3.0.tgz",
			"integrity": "sha512-WpDfL7NO6j7tH88IDBNVdUJxDh9nmCteAVW9dsep846XdwF4naCBK+/tGLX3KJgcpgMRXCFlTM2hKGoK9FsdrQ==",
			"license": "MIT",
			"engines": {
				"node": ">=12"
			},
			"funding": {
				"url": "https://github.com/chalk/ansi-regex?sponsor=1"
			}
		},
		"node_modules/anynum": {
			"version": "1.0.1",
			"resolved": "https://registry.npmjs.org/anynum/-/anynum-1.0.1.tgz",
			"integrity": "sha512-N6//FLET/tXYNM/F6ABca1oH6fWB+KlTt909Le28WMDBk8oaT4vY17DCrwg2MvmuqUKt3Ni4N5dGJ/EoBgcO6A==",
			"funding": [
				{
					"type": "github",
					"url": "https://github.com/sponsors/NaturalIntelligence"
				}
			],
			"license": "MIT"
		},
		"node_modules/bytes": {
			"version": "3.0.0",
			"resolved": "https://registry.npmjs.org/bytes/-/bytes-3.0.0.tgz",
			"integrity": "sha512-pMhOfFDPiv9t5jjIXkHosWmkSyQbvsgEVNkz0ERHbuLh2T/7j4Mqqpz523Fe8MVY89KC6Sh/QfS2sM+SjgFDcw==",
			"dev": true,
			"license": "MIT",
			"engines": {
				"node": ">= 0.8"
			}
		},
		"node_modules/chalk": {
			"version": "5.6.2",
			"resolved": "https://registry.npmjs.org/chalk/-/chalk-5.6.2.tgz",
			"integrity": "sha512-7NzBL0rN6fMUW+f7A6Io4h40qQlG+xGmtMxfbnH/K7TAtt8JQWVQK+6g0UXKMeVJoyV5EkkNsErQ8pVD3bLHbA==",
			"license": "MIT",
			"engines": {
				"node": "^12.17.0 || ^14.13 || >=16.0.0"
			},
			"funding": {
				"url": "https://github.com/chalk/chalk?sponsor=1"
			}
		},
		"node_modules/cli-cursor": {
			"version": "5.0.0",
			"resolved": "https://registry.npmjs.org/cli-cursor/-/cli-cursor-5.0.0.tgz",
			"integrity": "sha512-aCj4O5wKyszjMmDT4tZj93kxyydN/K5zPWSCe6/0AV/AA1pqe5ZBIw0a2ZfPQV7lL5/yb5HsUreJ6UFAF1tEQw==",
			"license": "MIT",
			"dependencies": {
				"restore-cursor": "^5.0.0"
			},
			"engines": {
				"node": ">=18"
			},
			"funding": {
				"url": "https://github.com/sponsors/sindresorhus"
			}
		},
		"node_modules/cli-spinners": {
			"version": "3.4.0",
			"resolved": "https://registry.npmjs.org/cli-spinners/-/cli-spinners-3.4.0.tgz",
			"integrity": "sha512-bXfOC4QcT1tKXGorxL3wbJm6XJPDqEnij2gQ2m7ESQuE+/z9YFIWnl/5RpTiKWbMq3EVKR4fRLJGn6DVfu0mpw==",
			"license": "MIT",
			"engines": {
				"node": ">=18.20"
			},
			"funding": {
				"url": "https://github.com/sponsors/sindresorhus"
			}
		},
		"node_modules/concat-map": {
			"version": "0.0.1",
			"resolved": "https://registry.npmjs.org/concat-map/-/concat-map-0.0.1.tgz",
			"integrity": "sha512-/Srv4dswyQNBfohGpz9o6Yb3Gz3SrUDqBH5rTuhGR7ahtlbYKnVxw2bCFMRljaA7EXHaXZ8wsHdodFvbkhKmqg==",
			"dev": true,
			"license": "MIT"
		},
		"node_modules/content-disposition": {
			"version": "0.5.2",
			"resolved": "https://registry.npmjs.org/content-disposition/-/content-disposition-0.5.2.tgz",
			"integrity": "sha512-kRGRZw3bLlFISDBgwTSA1TMBFN6J6GWDeubmDE3AF+3+yXL8hTWv8r5rkLbqYXY4RjPk/EzHnClI3zQf1cFmHA==",
			"dev": true,
			"license": "MIT",
			"engines": {
				"node": ">= 0.6"
			}
		},
		"node_modules/get-east-asian-width": {
			"version": "1.6.0",
			"resolved": "https://registry.npmjs.org/get-east-asian-width/-/get-east-asian-width-1.6.0.tgz",
			"integrity": "sha512-QRbvDIbx6YklUe6RxeTeleMR0yv3cYH6PsPZHcnVn7xv7zO1BHN8r0XETu8n6Ye3Q+ahtSarc3WgtNWmehIBfA==",
			"license": "MIT",
			"engines": {
				"node": ">=18"
			},
			"funding": {
				"url": "https://github.com/sponsors/sindresorhus"
			}
		},
		"node_modules/is-interactive": {
			"version": "2.0.0",
			"resolved": "https://registry.npmjs.org/is-interactive/-/is-interactive-2.0.0.tgz",
			"integrity": "sha512-qP1vozQRI+BMOPcjFzrjXuQvdak2pHNUMZoeG2eRbiSqyvbEf/wQtEOTOX1guk6E3t36RkaqiSt8A/6YElNxLQ==",
			"license": "MIT",
			"engines": {
				"node": ">=12"
			},
			"funding": {
				"url": "https://github.com/sponsors/sindresorhus"
			}
		},
		"node_modules/log-symbols": {
			"version": "7.0.1",
			"resolved": "https://registry.npmjs.org/log-symbols/-/log-symbols-7.0.1.tgz",
			"integrity": "sha512-ja1E3yCr9i/0hmBVaM0bfwDjnGy8I/s6PP4DFp+yP+a+mrHO4Rm7DtmnqROTUkHIkqffC84YY7AeqX6oFk0WFg==",
			"license": "MIT",
			"dependencies": {
				"is-unicode-supported": "^2.0.0",
				"yoctocolors": "^2.1.1"
			},
			"engines": {
				"node": ">=18"
			},
			"funding": {
				"url": "https://github.com/sponsors/sindresorhus"
			}
		},
		"node_modules/log-symbols/node_modules/is-unicode-supported": {
			"version": "2.1.0",
			"resolved": "https://registry.npmjs.org/is-unicode-supported/-/is-unicode-supported-2.1.0.tgz",
			"integrity": "sha512-mE00Gnza5EEB3Ds0HfMyllZzbBrmLOX3vfWoj9A9PEnTfratQ/BcaJOuMhnkhjXvb2+FkY3VuHqtAGpTPmglFQ==",
			"license": "MIT",
			"engines": {
				"node": ">=18"
			},
			"funding": {
				"url": "https://github.com/sponsors/sindresorhus"
			}
		},
		"node_modules/mimic-function": {
			"version": "5.0.1",
			"resolved": "https://registry.npmjs.org/mimic-function/-/mimic-function-5.0.1.tgz",
			"integrity": "sha512-VP79XUPxV2CigYP3jWwAUFSku2aKqBH7uTAapFWCBqutsbmDo96KY5o8uh6U+/YSIn5OxJnXp73beVkpqMIGhA==",
			"license": "MIT",
			"engines": {
				"node": ">=18"
			},
			"funding": {
				"url": "https://github.com/sponsors/sindresorhus"
			}
		},
		"node_modules/onetime": {
			"version": "7.0.0",
			"resolved": "https://registry.npmjs.org/onetime/-/onetime-7.0.0.tgz",
			"integrity": "sha512-VXJjc87FScF88uafS3JllDgvAm+c/Slfz06lorj2uAY34rlUu0Nt+v8wreiImcrgAjjIHp1rXpTDlLOGw29WwQ==",
			"license": "MIT",
			"dependencies": {
				"mimic-function": "^5.0.0"
			},
			"engines": {
				"node": ">=18"
			},
			"funding": {
				"url": "https://github.com/sponsors/sindresorhus"
			}
		},
		"node_modules/ora": {
			"version": "9.4.1",
			"resolved": "https://registry.npmjs.org/ora/-/ora-9.4.1.tgz",
			"integrity": "sha512-6VlU9MLXbjVQD04AZCMX28hVtA5bUoadvUqO76MUCVA0ilwJbMiHsITRPfyVm6p/BC0Av/BXMujx39WCe1LEqw==",
			"license": "MIT",
			"dependencies": {
				"chalk": "^5.6.2",
				"cli-cursor": "^5.0.0",
				"cli-spinners": "^3.2.0",
				"is-interactive": "^2.0.0",
				"is-unicode-supported": "^2.1.0",
				"log-symbols": "^7.0.1",
				"stdin-discarder": "^0.3.2",
				"string-width": "^8.1.0"
			},
			"engines": {
				"node": ">=20"
			},
			"funding": {
				"url": "https://github.com/sponsors/sindresorhus"
			}
		},
		"node_modules/ora/node_modules/is-unicode-supported": {
			"version": "2.1.0",
			"resolved": "https://registry.npmjs.org/is-unicode-supported/-/is-unicode-supported-2.1.0.tgz",
			"integrity": "sha512-mE00Gnza5EEB3Ds0HfMyllZzbBrmLOX3vfWoj9A9PEnTfratQ/BcaJOuMhnkhjXvb2+FkY3VuHqtAGpTPmglFQ==",
			"license": "MIT",
			"engines": {
				"node": ">=18"
			},
			"funding": {
				"url": "https://github.com/sponsors/sindresorhus"
			}
		},
		"node_modules/path-expression-matcher": {
			"version": "1.6.2",
			"resolved": "https://registry.npmjs.org/path-expression-matcher/-/path-expression-matcher-1.6.2.tgz",
			"integrity": "sha512-enSlaiat05iasnzmgNxRj8reFdj3puY2QpNgP1aPIaVfT6nn9ICuPoFlKHk8EN22HcwewshO+mN2DGbkCEOtqQ==",
			"funding": [
				{
					"type": "github",
					"url": "https://github.com/sponsors/NaturalIntelligence"
				}
			],
			"license": "MIT",
			"engines": {
				"node": ">=14.0.0"
			}
		},
		"node_modules/path-is-inside": {
			"version": "1.0.2",
			"resolved": "https://registry.npmjs.org/path-is-inside/-/path-is-inside-1.0.2.tgz",
			"integrity": "sha512-DUWJr3+ULp4zXmol/SZkFf3JGsS9/SIv+Y3Rt93/UjPpDpklB5f1er4O3POIbUuUJ3FXgqte2Q7SrU6zAqwk8w==",
			"dev": true,
			"license": "(WTFPL OR MIT)"
		},
		"node_modules/path-to-regexp": {
			"version": "3.3.0",
			"resolved": "https://registry.npmjs.org/path-to-regexp/-/path-to-regexp-3.3.0.tgz",
			"integrity": "sha512-qyCH421YQPS2WFDxDjftfc1ZR5WKQzVzqsp4n9M2kQhVOo/ByahFoUNJfl58kOcEGfQ//7weFTDhm+ss8Ecxgw==",
			"dev": true,
			"license": "MIT"
		},
		"node_modules/range-parser": {
			"version": "1.2.0",
			"resolved": "https://registry.npmjs.org/range-parser/-/range-parser-1.2.0.tgz",
			"integrity": "sha512-kA5WQoNVo4t9lNx2kQNFCxKeBl5IbbSNBl1M/tLkw9WCn+hxNBAW5Qh8gdhs63CJnhjJ2zQWFoqPJP2sK1AV5A==",
			"dev": true,
			"license": "MIT",
			"engines": {
				"node": ">= 0.6"
			}
		},
		"node_modules/restore-cursor": {
			"version": "5.1.0",
			"resolved": "https://registry.npmjs.org/restore-cursor/-/restore-cursor-5.1.0.tgz",
			"integrity": "sha512-oMA2dcrw6u0YfxJQXm342bFKX/E4sG9rbTzO9ptUcR/e8A33cHuvStiYOwH7fszkZlZ1z/ta9AAoPk2F4qIOHA==",
			"license": "MIT",
			"dependencies": {
				"onetime": "^7.0.0",
				"signal-exit": "^4.1.0"
			},
			"engines": {
				"node": ">=18"
			},
			"funding": {
				"url": "https://github.com/sponsors/sindresorhus"
			}
		},
		"node_modules/serve-handler": {
			"version": "6.1.7",
			"resolved": "https://registry.npmjs.org/serve-handler/-/serve-handler-6.1.7.tgz",
			"integrity": "sha512-CinAq1xWb0vR3twAv9evEU8cNWkXCb9kd5ePAHUKJBkOsUpR1wt/CvGdeca7vqumL1U5cSaeVQ6zZMxiJ3yWsg==",
			"dev": true,
			"license": "MIT",
			"dependencies": {
				"bytes": "3.0.0",
				"content-disposition": "0.5.2",
				"mime-types": "2.1.18",
				"minimatch": "3.1.5",
				"path-is-inside": "1.0.2",
				"path-to-regexp": "3.3.0",
				"range-parser": "1.2.0"
			}
		},
		"node_modules/serve-handler/node_modules/balanced-match": {
			"version": "1.0.2",
			"resolved": "https://registry.npmjs.org/balanced-match/-/balanced-match-1.0.2.tgz",
			"integrity": "sha512-3oSeUO0TMV67hN1AmbXsK4yaqU7tjiHlbxRDZOpH0KW9+CeX4bRAaX0Anxt0tx2MrpRpWwQaPwIlISEJhYU5Pw==",
			"dev": true,
			"license": "MIT"
		},
		"node_modules/serve-handler/node_modules/brace-expansion": {
			"version": "1.1.18",
			"resolved": "https://registry.npmjs.org/brace-expansion/-/brace-expansion-1.1.18.tgz",
			"integrity": "sha512-Edep/X9fGqVNmzKBVsDYIOtD+z1tuezV70LBjdCst9Tqu76lsnvRiZ6oTic1n+/BIwX6QDGAO94PN4N2SADvtw==",
			"dev": true,
			"license": "MIT",
			"dependencies": {
				"balanced-match": "^1.0.0",
				"concat-map": "0.0.1"
			}
		},
		"node_modules/serve-handler/node_modules/mime-db": {
			"version": "1.33.0",
			"resolved": "https://registry.npmjs.org/mime-db/-/mime-db-1.33.0.tgz",
			"integrity": "sha512-BHJ/EKruNIqJf/QahvxwQZXKygOQ256myeN/Ew+THcAa5q+PjyTTMMeNQC4DZw5AwfvelsUrA6B67NKMqXDbzQ==",
			"dev": true,
			"license": "MIT",
			"engines": {
				"node": ">= 0.6"
			}
		},
		"node_modules/serve-handler/node_modules/mime-types": {
			"version": "2.1.18",
			"resolved": "https://registry.npmjs.org/mime-types/-/mime-types-2.1.18.tgz",
			"integrity": "sha512-lc/aahn+t4/SWV/qcmumYjymLsWfN3ELhpmVuUFjgsORruuZPVSwAQryq+HHGvO/SI2KVX26bx+En+zhM8g8hQ==",
			"dev": true,
			"license": "MIT",
			"dependencies": {
				"mime-db": "~1.33.0"
			},
			"engines": {
				"node": ">= 0.6"
			}
		},
		"node_modules/serve-handler/node_modules/minimatch": {
			"version": "3.1.5",
			"resolved": "https://registry.npmjs.org/minimatch/-/minimatch-3.1.5.tgz",
			"integrity": "sha512-VgjWUsnnT6n+NUk6eZq77zeFdpW2LWDzP6zFGrCbHXiYNul5Dzqk2HHQ5uFH2DNW5Xbp8+jVzaeNt94ssEEl4w==",
			"dev": true,
			"license": "ISC",
			"dependencies": {
				"brace-expansion": "^1.1.7"
			},
			"engines": {
				"node": "*"
			}
		},
		"node_modules/signal-exit": {
			"version": "4.1.0",
			"resolved": "https://registry.npmjs.org/signal-exit/-/signal-exit-4.1.0.tgz",
			"integrity": "sha512-bzyZ1e88w9O1iNJbKnOlvYTrWPDl46O1bG0D3XInv+9tkPrxrN8jUUTiFlDkkmKWgn1M6CfIA13SuGqOa9Korw==",
			"license": "ISC",
			"engines": {
				"node": ">=14"
			},
			"funding": {
				"url": "https://github.com/sponsors/isaacs"
			}
		},
		"node_modules/stdin-discarder": {
			"version": "0.3.2",
			"resolved": "https://registry.npmjs.org/stdin-discarder/-/stdin-discarder-0.3.2.tgz",
			"integrity": "sha512-eCPu1qRxPVkl5605OTWF8Wz40b4Mf45NY5LQmVPQ599knfs5QhASUm9GbJ5BDMDOXgrnh0wyEdvzmL//YMlw0A==",
			"license": "MIT",
			"engines": {
				"node": ">=18"
			},
			"funding": {
				"url": "https://github.com/sponsors/sindresorhus"
			}
		},
		"node_modules/string-width": {
			"version": "8.2.2",
			"resolved": "https://registry.npmjs.org/string-width/-/string-width-8.2.2.tgz",
			"integrity": "sha512-GaPUh5gfdrYzqeVNZvUfT23vYYxXzKYidUcnMtJg/3rxRV63EFZy3k6xfKlmfeJD0176lnUV/Usr3XcwSvFzpg==",
			"license": "MIT",
			"dependencies": {
				"get-east-asian-width": "^1.5.0",
				"strip-ansi": "^7.1.2"
			},
			"engines": {
				"node": ">=20"
			},
			"funding": {
				"url": "https://github.com/sponsors/sindresorhus"
			}
		},
		"node_modules/strip-ansi": {
			"version": "7.2.0",
			"resolved": "https://registry.npmjs.org/strip-ansi/-/strip-ansi-7.2.0.tgz",
			"integrity": "sha512-yDPMNjp4WyfYBkHnjIRLfca1i6KMyGCtsVgoKe/z1+6vukgaENdgGBZt+ZmKPc4gavvEZ5OgHfHdrazhgNyG7w==",
			"license": "MIT",
			"dependencies": {
				"ansi-regex": "^6.2.2"
			},
			"engines": {
				"node": ">=12"
			},
			"funding": {
				"url": "https://github.com/chalk/strip-ansi?sponsor=1"
			}
		},
		"node_modules/strnum": {
			"version": "2.4.2",
			"resolved": "https://registry.npmjs.org/strnum/-/strnum-2.4.2.tgz",
			"integrity": "sha512-rDG3Ah4TV0k1hWvLSzkZtMmLN9+eS+h3knq4MP6A42Y3Yh5qGNnOUs1jJkoSr8FG5dsL28c7KgkIBzSEykqtuw==",
			"funding": [
				{
					"type": "github",
					"url": "https://github.com/sponsors/NaturalIntelligence"
				}
			],
			"license": "MIT",
			"dependencies": {
				"anynum": "^1.0.1"
			}
		},
		"node_modules/undici-types": {
			"version": "6.21.0",
			"resolved": "https://registry.npmjs.org/undici-types/-/undici-types-6.21.0.tgz",
			"integrity": "sha512-iwDZqg0QAGrg9Rav5H4n0M64c3mkR59cJ6wQp+7C4nI0gsmExaedaYLNO44eT4AtBBwjbTiGPMlt2Md0T9H9JQ==",
			"license": "MIT"
		},
		"node_modules/xml-naming": {
			"version": "0.3.0",
			"resolved": "https://registry.npmjs.org/xml-naming/-/xml-naming-0.3.0.tgz",
			"integrity": "sha512-ghig2TBE/H11aOVgmahA3MhimvkBr6JIYknH/Dhdk10nXwdbIqBJsbfMxpvFPG8bAw77gN29aQWvKpmVoPlvPQ==",
			"funding": [
				{
					"type": "github",
					"url": "https://github.com/sponsors/NaturalIntelligence"
				}
			],
			"license": "MIT",
			"engines": {
				"node": ">=16.0.0"
			}
		},
		"node_modules/yoctocolors": {
			"version": "2.2.0",
			"resolved": "https://registry.npmjs.org/yoctocolors/-/yoctocolors-2.2.0.tgz",
			"integrity": "sha512-xYqdZFUK/VYazNl/oCDYN+3WloWQwMfZxBoiNt6qNyk+xfOdi598muWE42rNZFp1kNOiqW936q5RhUdnpqElSg==",
			"license": "MIT",
			"engines": {
				"node": ">=18"
			},
			"funding": {
				"url": "https://github.com/sponsors/sindresorhus"
			}
		}
	}
}
